// !$*UTF8*$!
{
	archiveVersion = 1;
	classes = {
	};
	objectVersion = 46;
	objects = {

/* Begin PBXBuildFile section */
		F024FFA41B8E26D5006885A8 /* AppDelegate.swift in Sources */ = {isa = PBXBuildFile; fileRef = F024FFA31B8E26D5006885A8 /* AppDelegate.swift */; };
		F024FFA61B8E26D5006885A8 /* ViewController.swift in Sources */ = {isa = PBXBuildFile; fileRef = F024FFA51B8E26D5006885A8 /* ViewController.swift */; };
		F024FFA91B8E26D5006885A8 /* Main.storyboard in Resources */ = {isa = PBXBuildFile; fileRef = F024FFA71B8E26D5006885A8 /* Main.storyboard */; };
		F024FFAB1B8E26D5006885A8 /* Assets.xcassets in Resources */ = {isa = PBXBuildFile; fileRef = F024FFAA1B8E26D5006885A8 /* Assets.xcassets */; };
		F024FFAE1B8E26D5006885A8 /* LaunchScreen.storyboard in Resources */ = {isa = PBXBuildFile; fileRef = F024FFAC1B8E26D5006885A8 /* LaunchScreen.storyboard */; };
		F024FFB71B8E378A006885A8 /* ProtocolHelper.swift in Sources */ = {isa = PBXBuildFile; fileRef = F024FFB51B8E378A006885A8 /* ProtocolHelper.swift */; };
		F024FFB81B8E378A006885A8 /* SessionManager.swift in Sources */ = {isa = PBXBuildFile; fileRef = F024FFB61B8E378A006885A8 /* SessionManager.swift */; };
		F05736781C0CABCE007AD3E5 /* README.md in Sources */ = {isa = PBXBuildFile; fileRef = F05736771C0CABCE007AD3E5 /* README.md */; };
/* End PBXBuildFile section */

/* Begin PBXFileReference section */
		F024FFA01B8E26D5006885A8 /* NAPPS.app */ = {isa = PBXFileReference; explicitFileType = wrapper.application; includeInIndex = 0; path = NAPPS.app; sourceTree = BUILT_PRODUCTS_DIR; };
		F024FFA31B8E26D5006885A8 /* AppDelegate.swift */ = {isa = PBXFileReference; lastKnownFileType = sourcecode.swift; path = AppDelegate.swift; sourceTree = "<group>"; };
		F024FFA51B8E26D5006885A8 /* ViewController.swift */ = {isa = PBXFileReference; lastKnownFileType = sourcecode.swift; path = ViewController.swift; sourceTree = "<group>"; };
		F024FFA81B8E26D5006885A8 /* Base */ = {isa = PBXFileReference; lastKnownFileType = file.storyboard; name = Base; path = Base.lproj/Main.storyboard; sourceTree = "<group>"; };
		F024FFAA1B8E26D5006885A8 /* Assets.xcassets */ = {isa = PBXFileReference; lastKnownFileType = folder.assetcatalog; path = Assets.xcassets; sourceTree = "<group>"; };
		F024FFAD1B8E26D5006885A8 /* Base */ = {isa = PBXFileReference; lastKnownFileType = file.storyboard; name = Base; path = Base.lproj/LaunchScreen.storyboard; sourceTree = "<group>"; };
		F024FFAF1B8E26D5006885A8 /* Info.plist */ = {isa = PBXFileReference; lastKnownFileType = text.plist.xml; path = Info.plist; sourceTree = "<group>"; };
		F024FFB51B8E378A006885A8 /* ProtocolHelper.swift */ = {isa = PBXFileReference; fileEncoding = 4; lastKnownFileType = sourcecode.swift; path = ProtocolHelper.swift; sourceTree = "<group>"; };
		F024FFB61B8E378A006885A8 /* SessionManager.swift */ = {isa = PBXFileReference; fileEncoding = 4; lastKnownFileType = sourcecode.swift; path = SessionManager.swift; sourceTree = "<group>"; };
		F05736771C0CABCE007AD3E5 /* README.md */ = {isa = PBXFileReference; fileEncoding = 4; lastKnownFileType = net.daringfireball.markdown; name = README.md; path = ../../README.md; sourceTree = "<group>"; };
/* End PBXFileReference section */

/* Begin PBXFrameworksBuildPhase section */
		F024FF9D1B8E26D5006885A8 /* Frameworks */ = {
			isa = PBXFrameworksBuildPhase;
			buildActionMask = 2147483647;
			files = (
			);
			runOnlyForDeploymentPostprocessing = 0;
		};
/* End PBXFrameworksBuildPhase section */

/* Begin PBXGroup section */
		F024FF971B8E26D5006885A8 = {
			isa = PBXGroup;
			children = (
				F024FFA21B8E26D5006885A8 /* NAPPS */,
				F024FFA11B8E26D5006885A8 /* Products */,
			);
			sourceTree = "<group>";
		};
		F024FFA11B8E26D5006885A8 /* Products */ = {
			isa = PBXGroup;
			children = (
				F024FFA01B8E26D5006885A8 /* NAPPS.app */,
			);
			name = Products;
			sourceTree = "<group>";
		};
		F024FFA21B8E26D5006885A8 /* NAPPS */ = {
			isa = PBXGroup;
			children = (
				F05736771C0CABCE007AD3E5 /* README.md */,
				F024FFB51B8E378A006885A8 /* ProtocolHelper.swift */,
				F024FFB61B8E378A006885A8 /* SessionManager.swift */,
				F024FFA31B8E26D5006885A8 /* AppDelegate.swift */,
				F024FFA51B8E26D5006885A8 /* ViewController.swift */,
				F024FFA71B8E26D5006885A8 /* Main.storyboard */,
				F024FFAA1B8E26D5006885A8 /* Assets.xcassets */,
				F024FFAC1B8E26D5006885A8 /* LaunchScreen.storyboard */,
				F024FFAF1B8E26D5006885A8 /* Info.plist */,
			);
			path = NAPPS;
			sourceTree = "<group>";
		};
/* End PBXGroup section */

/* Begin PBXNativeTarget section */
		F024FF9F1B8E26D5006885A8 /* NAPPS */ = {
			isa = PBXNativeTarget;
			buildConfigurationList = F024FFB21B8E26D5006885A8 /* Build configuration list for PBXNativeTarget "NAPPS" */;
			buildPhases = (
				F024FF9C1B8E26D5006885A8 /* Sources */,
				F024FF9D1B8E26D5006885A8 /* Frameworks */,
				F024FF9E1B8E26D5006885A8 /* Resources */,
			);
			buildRules = (
			);
			dependencies = (
			);
			name = NAPPS;
			productName = NAPPS;
			productReference = F024FFA01B8E26D5006885A8 /* NAPPS.app */;
			productType = "com.apple.product-type.application";
		};
/* End PBXNativeTarget section */

/* Begin PBXProject section */
		F024FF981B8E26D5006885A8 /* Project object */ = {
			isa = PBXProject;
			attributes = {
				LastUpgradeCheck = 0700;
				ORGANIZATIONNAME = "Ping Identity";
				TargetAttributes = {
					F024FF9F1B8E26D5006885A8 = {
						CreatedOnToolsVersion = 7.0;
						LastSwiftMigration = 0830;
					};
				};
			};
			buildConfigurationList = F024FF9B1B8E26D5006885A8 /* Build configuration list for PBXProject "NAPPS" */;
			compatibilityVersion = "Xcode 3.2";
			developmentRegion = English;
			hasScannedForEncodings = 0;
			knownRegions = (
				en,
				Base,
			);
			mainGroup = F024FF971B8E26D5006885A8;
			productRefGroup = F024FFA11B8E26D5006885A8 /* Products */;
			projectDirPath = "";
			projectRoot = "";
			targets = (
				F024FF9F1B8E26D5006885A8 /* NAPPS */,
			);
		};
/* End PBXProject section */

/* Begin PBXResourcesBuildPhase section */
		F024FF9E1B8E26D5006885A8 /* Resources */ = {
			isa = PBXResourcesBuildPhase;
			buildActionMask = 2147483647;
			files = (
				F024FFAE1B8E26D5006885A8 /* LaunchScreen.storyboard in Resources */,
				F024FFAB1B8E26D5006885A8 /* Assets.xcassets in Resources */,
				F024FFA91B8E26D5006885A8 /* Main.storyboard in Resources */,
			);
			runOnlyForDeploymentPostprocessing = 0;
		};
/* End PBXResourcesBuildPhase section */

/* Begin PBXSourcesBuildPhase section */
		F024FF9C1B8E26D5006885A8 /* Sources */ = {
			isa = PBXSourcesBuildPhase;
			buildActionMask = 2147483647;
			files = (
				F024FFA61B8E26D5006885A8 /* ViewController.swift in Sources */,
				F024FFA41B8E26D5006885A8 /* AppDelegate.swift in Sources */,
				F05736781C0CABCE007AD3E5 /* README.md in Sources */,
				F024FFB81B8E378A006885A8 /* SessionManager.swift in Sources */,
				F024FFB71B8E378A006885A8 /* ProtocolHelper.swift in Sources */,
			);
			runOnlyForDeploymentPostprocessing = 0;
		};
/* End PBXSourcesBuildPhase section */

/* Begin PBXVariantGroup section */
		F024FFA71B8E26D5006885A8 /* Main.storyboard */ = {
			isa = PBXVariantGroup;
			children = (
				F024FFA81B8E26D5006885A8 /* Base */,
			);
			name = Main.storyboard;
			sourceTree = "<group>";
		};
		F024FFAC1B8E26D5006885A8 /* LaunchScreen.storyboard */ = {
			isa = PBXVariantGroup;
			children = (
				F024FFAD1B8E26D5006885A8 /* Base */,
			);
			name = LaunchScreen.storyboard;
			sourceTree = "<group>";
		};
/* End PBXVariantGroup section */

/* Begin XCBuildConfiguration section */
		F024FFB01B8E26D5006885A8 /* Debug */ = {
			isa = XCBuildConfiguration;
			buildSettings = {
				ALWAYS_SEARCH_USER_PATHS = NO;
				CLANG_CXX_LANGUAGE_STANDARD = "gnu++0x";
				CLANG_CXX_LIBRARY = "libc++";
				CLANG_ENABLE_MODULES = YES;
				CLANG_ENABLE_OBJC_ARC = YES;
				CLANG_WARN_BOOL_CONVERSION = YES;
				CLANG_WARN_CONSTANT_CONVERSION = YES;
				CLANG_WARN_DIRECT_OBJC_ISA_USAGE = YES_ERROR;
				CLANG_WARN_EMPTY_BODY = YES;
				CLANG_WARN_ENUM_CONVERSION = YES;
				CLANG_WARN_INT_CONVERSION = YES;
				CLANG_WARN_OBJC_ROOT_CLASS = YES_ERROR;
				CLANG_WARN_UNREACHABLE_CODE = YES;
				CLANG_WARN__DUPLICATE_METHOD_MATCH = YES;
				"CODE_SIGN_IDENTITY[sdk=iphoneos*]" = "iPhone Developer";
				COPY_PHASE_STRIP = NO;
				DEBUG_INFORMATION_FORMAT = dwarf;
				ENABLE_STRICT_OBJC_MSGSEND = YES;
				ENABLE_TESTABILITY = YES;
				GCC_C_LANGUAGE_STANDARD = gnu99;
				GCC_DYNAMIC_NO_PIC = NO;
				GCC_NO_COMMON_BLOCKS = YES;
				GCC_OPTIMIZATION_LEVEL = 0;
				GCC_PREPROCESSOR_DEFINITIONS = (
					"DEBUG=1",
					"$(inherited)",
				);
				GCC_WARN_64_TO_32_BIT_CONVERSION = YES;
				GCC_WARN_ABOUT_RETURN_TYPE = YES_ERROR;
				GCC_WARN_UNDECLARED_SELECTOR = YES;
				GCC_WARN_UNINITIALIZED_AUTOS = YES_AGGRESSIVE;
				GCC_WARN_UNUSED_FUNCTION = YES;
				GCC_WARN_UNUSED_VARIABLE = YES;
				IPHONEOS_DEPLOYMENT_TARGET = 9.0;
				MTL_ENABLE_DEBUG_INFO = YES;
				ONLY_ACTIVE_ARCH = YES;
				SDKROOT = iphoneos;
				SWIFT_OPTIMIZATION_LEVEL = "-Onone";
				TARGETED_DEVICE_FAMILY = 2;
			};
			name = Debug;
		};
		F024FFB11B8E26D5006885A8 /* Release */ = {
			isa = XCBuildConfiguration;
			buildSettings = {
				ALWAYS_SEARCH_USER_PATHS = NO;
				CLANG_CXX_LANGUAGE_STANDARD = "gnu++0x";
				CLANG_CXX_LIBRARY = "libc++";
				CLANG_ENABLE_MODULES = YES;
				CLANG_ENABLE_OBJC_ARC = YES;
				CLANG_WARN_BOOL_CONVERSION = YES;
				CLANG_WARN_CONSTANT_CONVERSION = YES;
				CLANG_WARN_DIRECT_OBJC_ISA_USAGE = YES_ERROR;
				CLANG_WARN_EMPTY_BODY = YES;
				CLANG_WARN_ENUM_CONVERSION = YES;
				CLANG_WARN_INT_CONVERSION = YES;
				CLANG_WARN_OBJC_ROOT_CLASS = YES_ERROR;
				CLANG_WARN_UNREACHABLE_CODE = YES;
				CLANG_WARN__DUPLICATE_METHOD_MATCH = YES;
				"CODE_SIGN_IDENTITY[sdk=iphoneos*]" = "iPhone Developer";
				COPY_PHASE_STRIP = NO;
				DEBUG_INFORMATION_FORMAT = "dwarf-with-dsym";
				ENABLE_NS_ASSERTIONS = NO;
				ENABLE_STRICT_OBJC_MSGSEND = YES;
				GCC_C_LANGUAGE_STANDARD = gnu99;
				GCC_NO_COMMON_BLOCKS = YES;
				GCC_WARN_64_TO_32_BIT_CONVERSION = YES;
				GCC_WARN_ABOUT_RETURN_TYPE = YES_ERROR;
				GCC_WARN_UNDECLARED_SELECTOR = YES;
				GCC_WARN_UNINITIALIZED_AUTOS = YES_AGGRESSIVE;
				GCC_WARN_UNUSED_FUNCTION = YES;
				GCC_WARN_UNUSED_VARIABLE = YES;
				IPHONEOS_DEPLOYMENT_TARGET = 9.0;
				MTL_ENABLE_DEBUG_INFO = NO;
				SDKROOT = iphoneos;
				TARGETED_DEVICE_FAMILY = 2;
				VALIDATE_PRODUCT = YES;
			};
			name = Release;
		};
		F024FFB31B8E26D5006885A8 /* Debug */ = {
			isa = XCBuildConfiguration;
			buildSettings = {
				ASSETCATALOG_COMPILER_APPICON_NAME = AppIcon;
				INFOPLIST_FILE = NAPPS/Info.plist;
				LD_RUNPATH_SEARCH_PATHS = "$(inherited) @executable_path/Frameworks";
				PRODUCT_BUNDLE_IDENTIFIER = com.pingidentity.developer.NAPPS;
				PRODUCT_NAME = "$(TARGET_NAME)";
				SWIFT_VERSION = 3.0;
			};
			name = Debug;
		};
		F024FFB41B8E26D5006885A8 /* Release */ = {
			isa = XCBuildConfiguration;
			buildSettings = {
				ASSETCATALOG_COMPILER_APPICON_NAME = AppIcon;
				INFOPLIST_FILE = NAPPS/Info.plist;
				LD_RUNPATH_SEARCH_PATHS = "$(inherited) @executable_path/Frameworks";
				PRODUCT_BUNDLE_IDENTIFIER = com.pingidentity.developer.NAPPS;
				PRODUCT_NAME = "$(TARGET_NAME)";
				SWIFT_VERSION = 3.0;
			};
			name = Release;
		};
/* End XCBuildConfiguration section */

/* Begin XCConfigurationList section */
		F024FF9B1B8E26D5006885A8 /* Build configuration list for PBXProject "NAPPS" */ = {
			isa = XCConfigurationList;
			buildConfigurations = (
				F024FFB01B8E26D5006885A8 /* Debug */,
				F024FFB11B8E26D5006885A8 /* Release */,
			);
			defaultConfigurationIsVisible = 0;
			defaultConfigurationName = Release;
		};
		F024FFB21B8E26D5006885A8 /* Build configuration list for PBXNativeTarget "NAPPS" */ = {
			isa = XCConfigurationList;
			buildConfigurations = (
				F024FFB31B8E26D5006885A8 /* Debug */,
				F024FFB41B8E26D5006885A8 /* Release */,
			);
			defaultConfigurationIsVisible = 0;
			defaultConfigurationName = Release;
		};
/* End XCConfigurationList section */
	};
	rootObject = F024FF981B8E26D5006885A8 /* Project object */;
}
